
Microsoft Visual Studio Solution File, Format Version 11.00
# Visual Studio 2010
# SharpDevelop 5.1
Project("{FAE04EC0-301F-11D3-BF4B-00C04F79EFBC}") = "iter", "iter\iter.csproj", "{6CDDE383-97E9-4173-AE03-A087C56BCD2B}"
EndProject
Global
	GlobalSection(SolutionConfigurationPlatforms) = preSolution
		Debug|Any CPU = Debug|Any CPU
		Release|Any CPU = Release|Any CPU
	EndGlobalSection
	GlobalSection(ProjectConfigurationPlatforms) = postSolution
		{6CDDE383-97E9-4173-AE03-A087C56BCD2B}.Debug|Any CPU.ActiveCfg = Debug|Any CPU
		{6CDDE383-97E9-4173-AE03-A087C56BCD2B}.Debug|Any CPU.Build.0 = Debug|Any CPU
		{6CDDE383-97E9-4173-AE03-A087C56BCD2B}.Release|Any CPU.ActiveCfg = Release|Any CPU
		{6CDDE383-97E9-4173-AE03-A087C56BCD2B}.Release|Any CPU.Build.0 = Release|Any CPU
	EndGlobalSection
EndGlobal
