
Microsoft Visual Studio Solution File, Format Version 11.00
# Visual Studio 2010
# SharpDevelop 5.1
Project("{FAE04EC0-301F-11D3-BF4B-00C04F79EFBC}") = "observ", "observ\observ.csproj", "{98EA51C8-1A35-4190-9938-577BC4FF681D}"
EndProject
Global
	GlobalSection(SolutionConfigurationPlatforms) = preSolution
		Debug|Any CPU = Debug|Any CPU
		Release|Any CPU = Release|Any CPU
	EndGlobalSection
	GlobalSection(ProjectConfigurationPlatforms) = postSolution
		{98EA51C8-1A35-4190-9938-577BC4FF681D}.Debug|Any CPU.ActiveCfg = Debug|Any CPU
		{98EA51C8-1A35-4190-9938-577BC4FF681D}.Debug|Any CPU.Build.0 = Debug|Any CPU
		{98EA51C8-1A35-4190-9938-577BC4FF681D}.Release|Any CPU.ActiveCfg = Release|Any CPU
		{98EA51C8-1A35-4190-9938-577BC4FF681D}.Release|Any CPU.Build.0 = Release|Any CPU
	EndGlobalSection
EndGlobal
